// !$*UTF8*$!
{
	archiveVersion = 1;
	classes = {
	};
	objectVersion = 55;
	objects = {

/* Begin PBXBuildFile section */
		024420A4283E1D4400342234 /* PopupImagePicker0525App.swift in Sources */ = {isa = PBXBuildFile; fileRef = 024420A3283E1D4400342234 /* PopupImagePicker0525App.swift */; };
		024420A6283E1D4400342234 /* ContentView.swift in Sources */ = {isa = PBXBuildFile; fileRef = 024420A5283E1D4400342234 /* ContentView.swift */; };
		024420A8283E1D4500342234 /* Assets.xcassets in Resources */ = {isa = PBXBuildFile; fileRef = 024420A7283E1D4500342234 /* Assets.xcassets */; };
		024420AB283E1D4500342234 /* Preview Assets.xcassets in Resources */ = {isa = PBXBuildFile; fileRef = 024420AA283E1D4500342234 /* Preview Assets.xcassets */; };
		024420B3283E1DE700342234 /* PopupImagePickerView.swift in Sources */ = {isa = PBXBuildFile; fileRef = 024420B2283E1DE700342234 /* PopupImagePickerView.swift */; };
		024420B6283E1E3900342234 /* ImageAsset.swift in Sources */ = {isa = PBXBuildFile; fileRef = 024420B5283E1E3900342234 /* ImageAsset.swift */; };
		024420B9283E1EDC00342234 /* ImagePickerViewModel.swift in Sources */ = {isa = PBXBuildFile; fileRef = 024420B8283E1EDC00342234 /* ImagePickerViewModel.swift */; };
/* End PBXBuildFile section */

/* Begin PBXFileReference section */
		024420A0283E1D4400342234 /* PopupImagePicker0525.app */ = {isa = PBXFileReference; explicitFileType = wrapper.application; includeInIndex = 0; path = PopupImagePicker0525.app; sourceTree = BUILT_PRODUCTS_DIR; };
		024420A3283E1D4400342234 /* PopupImagePicker0525App.swift */ = {isa = PBXFileReference; lastKnownFileType = sourcecode.swift; path = PopupImagePicker0525App.swift; sourceTree = "<group>"; };
		024420A5283E1D4400342234 /* ContentView.swift */ = {isa = PBXFileReference; lastKnownFileType = sourcecode.swift; path = ContentView.swift; sourceTree = "<group>"; };
		024420A7283E1D4500342234 /* Assets.xcassets */ = {isa = PBXFileReference; lastKnownFileType = folder.assetcatalog; path = Assets.xcassets; sourceTree = "<group>"; };
		024420AA283E1D4500342234 /* Preview Assets.xcassets */ = {isa = PBXFileReference; lastKnownFileType = folder.assetcatalog; path = "Preview Assets.xcassets"; sourceTree = "<group>"; };
		024420B2283E1DE700342234 /* PopupImagePickerView.swift */ = {isa = PBXFileReference; lastKnownFileType = sourcecode.swift; path = PopupImagePickerView.swift; sourceTree = "<group>"; };
		024420B5283E1E3900342234 /* ImageAsset.swift */ = {isa = PBXFileReference; lastKnownFileType = sourcecode.swift; path = ImageAsset.swift; sourceTree = "<group>"; };
		024420B8283E1EDC00342234 /* ImagePickerViewModel.swift */ = {isa = PBXFileReference; lastKnownFileType = sourcecode.swift; path = ImagePickerViewModel.swift; sourceTree = "<group>"; };
/* End PBXFileReference section */

/* Begin PBXFrameworksBuildPhase section */
		0244209D283E1D4400342234 /* Frameworks */ = {
			isa = PBXFrameworksBuildPhase;
			buildActionMask = 2147483647;
			files = (
			);
			runOnlyForDeploymentPostprocessing = 0;
		};
/* End PBXFrameworksBuildPhase section */

/* Begin PBXGroup section */
		02442097283E1D4400342234 = {
			isa = PBXGroup;
			children = (
				024420A2283E1D4400342234 /* PopupImagePicker0525 */,
				024420A1283E1D4400342234 /* Products */,
			);
			sourceTree = "<group>";
		};
		024420A1283E1D4400342234 /* Products */ = {
			isa = PBXGroup;
			children = (
				024420A0283E1D4400342234 /* PopupImagePicker0525.app */,
			);
			name = Products;
			sourceTree = "<group>";
		};
		024420A2283E1D4400342234 /* PopupImagePicker0525 */ = {
			isa = PBXGroup;
			children = (
				024420B7283E1EAF00342234 /* ViewModel */,
				024420B4283E1DF800342234 /* Model */,
				024420B1283E1DCE00342234 /* View */,
				024420A3283E1D4400342234 /* PopupImagePicker0525App.swift */,
				024420A5283E1D4400342234 /* ContentView.swift */,
				024420A7283E1D4500342234 /* Assets.xcassets */,
				024420A9283E1D4500342234 /* Preview Content */,
			);
			path = PopupImagePicker0525;
			sourceTree = "<group>";
		};
		024420A9283E1D4500342234 /* Preview Content */ = {
			isa = PBXGroup;
			children = (
				024420AA283E1D4500342234 /* Preview Assets.xcassets */,
			);
			path = "Preview Content";
			sourceTree = "<group>";
		};
		024420B1283E1DCE00342234 /* View */ = {
			isa = PBXGroup;
			children = (
				024420B2283E1DE700342234 /* PopupImagePickerView.swift */,
			);
			path = View;
			sourceTree = "<group>";
		};
		024420B4283E1DF800342234 /* Model */ = {
			isa = PBXGroup;
			children = (
				024420B5283E1E3900342234 /* ImageAsset.swift */,
			);
			path = Model;
			sourceTree = "<group>";
		};
		024420B7283E1EAF00342234 /* ViewModel */ = {
			isa = PBXGroup;
			children = (
				024420B8283E1EDC00342234 /* ImagePickerViewModel.swift */,
			);
			path = ViewModel;
			sourceTree = "<group>";
		};
/* End PBXGroup section */

/* Begin PBXNativeTarget section */
		0244209F283E1D4400342234 /* PopupImagePicker0525 */ = {
			isa = PBXNativeTarget;
			buildConfigurationList = 024420AE283E1D4500342234 /* Build configuration list for PBXNativeTarget "PopupImagePicker0525" */;
			buildPhases = (
				0244209C283E1D4400342234 /* Sources */,
				0244209D283E1D4400342234 /* Frameworks */,
				0244209E283E1D4400342234 /* Resources */,
			);
			buildRules = (
			);
			dependencies = (
			);
			name = PopupImagePicker0525;
			productName = PopupImagePicker0525;
			productReference = 024420A0283E1D4400342234 /* PopupImagePicker0525.app */;
			productType = "com.apple.product-type.application";
		};
/* End PBXNativeTarget section */

/* Begin PBXProject section */
		02442098283E1D4400342234 /* Project object */ = {
			isa = PBXProject;
			attributes = {
				BuildIndependentTargetsInParallel = 1;
				LastSwiftUpdateCheck = 1330;
				LastUpgradeCheck = 1330;
				TargetAttributes = {
					0244209F283E1D4400342234 = {
						CreatedOnToolsVersion = 13.3;
					};
				};
			};
			buildConfigurationList = 0244209B283E1D4400342234 /* Build configuration list for PBXProject "PopupImagePicker0525" */;
			compatibilityVersion = "Xcode 13.0";
			developmentRegion = en;
			hasScannedForEncodings = 0;
			knownRegions = (
				en,
				Base,
			);
			mainGroup = 02442097283E1D4400342234;
			productRefGroup = 024420A1283E1D4400342234 /* Products */;
			projectDirPath = "";
			projectRoot = "";
			targets = (
				0244209F283E1D4400342234 /* PopupImagePicker0525 */,
			);
		};
/* End PBXProject section */

/* Begin PBXResourcesBuildPhase section */
		0244209E283E1D4400342234 /* Resources */ = {
			isa = PBXResourcesBuildPhase;
			buildActionMask = 2147483647;
			files = (
				024420AB283E1D4500342234 /* Preview Assets.xcassets in Resources */,
				024420A8283E1D4500342234 /* Assets.xcassets in Resources */,
			);
			runOnlyForDeploymentPostprocessing = 0;
		};
/* End PBXResourcesBuildPhase section */

/* Begin PBXSourcesBuildPhase section */
		0244209C283E1D4400342234 /* Sources */ = {
			isa = PBXSourcesBuildPhase;
			buildActionMask = 2147483647;
			files = (
				024420A6283E1D4400342234 /* ContentView.swift in Sources */,
				024420B9283E1EDC00342234 /* ImagePickerViewModel.swift in Sources */,
				024420B3283E1DE700342234 /* PopupImagePickerView.swift in Sources */,
				024420B6283E1E3900342234 /* ImageAsset.swift in Sources */,
				024420A4283E1D4400342234 /* PopupImagePicker0525App.swift in Sources */,
			);
			runOnlyForDeploymentPostprocessing = 0;
		};
/* End PBXSourcesBuildPhase section */

/* Begin XCBuildConfiguration section */
		024420AC283E1D4500342234 /* Debug */ = {
			isa = XCBuildConfiguration;
			buildSettings = {
				ALWAYS_SEARCH_USER_PATHS = NO;
				CLANG_ANALYZER_NONNULL = YES;
				CLANG_ANALYZER_NUMBER_OBJECT_CONVERSION = YES_AGGRESSIVE;
				CLANG_CXX_LANGUAGE_STANDARD = "gnu++17";
				CLANG_ENABLE_MODULES = YES;
				CLANG_ENABLE_OBJC_ARC = YES;
				CLANG_ENABLE_OBJC_WEAK = YES;
				CLANG_WARN_BLOCK_CAPTURE_AUTORELEASING = YES;
				CLANG_WARN_BOOL_CONVERSION = YES;
				CLANG_WARN_COMMA = YES;
				CLANG_WARN_CONSTANT_CONVERSION = YES;
				CLANG_WARN_DEPRECATED_OBJC_IMPLEMENTATIONS = YES;
				CLANG_WARN_DIRECT_OBJC_ISA_USAGE = YES_ERROR;
				CLANG_WARN_DOCUMENTATION_COMMENTS = YES;
				CLANG_WARN_EMPTY_BODY = YES;
				CLANG_WARN_ENUM_CONVERSION = YES;
				CLANG_WARN_INFINITE_RECURSION = YES;
				CLANG_WARN_INT_CONVERSION = YES;
				CLANG_WARN_NON_LITERAL_NULL_CONVERSION = YES;
				CLANG_WARN_OBJC_IMPLICIT_RETAIN_SELF = YES;
				CLANG_WARN_OBJC_LITERAL_CONVERSION = YES;
				CLANG_WARN_OBJC_ROOT_CLASS = YES_ERROR;
				CLANG_WARN_QUOTED_INCLUDE_IN_FRAMEWORK_HEADER = YES;
				CLANG_WARN_RANGE_LOOP_ANALYSIS = YES;
				CLANG_WARN_STRICT_PROTOTYPES = YES;
				CLANG_WARN_SUSPICIOUS_MOVE = YES;
				CLANG_WARN_UNGUARDED_AVAILABILITY = YES_AGGRESSIVE;
				CLANG_WARN_UNREACHABLE_CODE = YES;
				CLANG_WARN__DUPLICATE_METHOD_MATCH = YES;
				COPY_PHASE_STRIP = NO;
				DEBUG_INFORMATION_FORMAT = dwarf;
				ENABLE_STRICT_OBJC_MSGSEND = YES;
				ENABLE_TESTABILITY = YES;
				GCC_C_LANGUAGE_STANDARD = gnu11;
				GCC_DYNAMIC_NO_PIC = NO;
				GCC_NO_COMMON_BLOCKS = YES;
				GCC_OPTIMIZATION_LEVEL = 0;
				GCC_PREPROCESSOR_DEFINITIONS = (
					"DEBUG=1",
					"$(inherited)",
				);
				GCC_WARN_64_TO_32_BIT_CONVERSION = YES;
				GCC_WARN_ABOUT_RETURN_TYPE = YES_ERROR;
				GCC_WARN_UNDECLARED_SELECTOR = YES;
				GCC_WARN_UNINITIALIZED_AUTOS = YES_AGGRESSIVE;
				GCC_WARN_UNUSED_FUNCTION = YES;
				GCC_WARN_UNUSED_VARIABLE = YES;
				IPHONEOS_DEPLOYMENT_TARGET = 15.4;
				MTL_ENABLE_DEBUG_INFO = INCLUDE_SOURCE;
				MTL_FAST_MATH = YES;
				ONLY_ACTIVE_ARCH = YES;
				SDKROOT = iphoneos;
				SWIFT_ACTIVE_COMPILATION_CONDITIONS = DEBUG;
				SWIFT_OPTIMIZATION_LEVEL = "-Onone";
			};
			name = Debug;
		};
		024420AD283E1D4500342234 /* Release */ = {
			isa = XCBuildConfiguration;
			buildSettings = {
				ALWAYS_SEARCH_USER_PATHS = NO;
				CLANG_ANALYZER_NONNULL = YES;
				CLANG_ANALYZER_NUMBER_OBJECT_CONVERSION = YES_AGGRESSIVE;
				CLANG_CXX_LANGUAGE_STANDARD = "gnu++17";
				CLANG_ENABLE_MODULES = YES;
				CLANG_ENABLE_OBJC_ARC = YES;
				CLANG_ENABLE_OBJC_WEAK = YES;
				CLANG_WARN_BLOCK_CAPTURE_AUTORELEASING = YES;
				CLANG_WARN_BOOL_CONVERSION = YES;
				CLANG_WARN_COMMA = YES;
				CLANG_WARN_CONSTANT_CONVERSION = YES;
				CLANG_WARN_DEPRECATED_OBJC_IMPLEMENTATIONS = YES;
				CLANG_WARN_DIRECT_OBJC_ISA_USAGE = YES_ERROR;
				CLANG_WARN_DOCUMENTATION_COMMENTS = YES;
				CLANG_WARN_EMPTY_BODY = YES;
				CLANG_WARN_ENUM_CONVERSION = YES;
				CLANG_WARN_INFINITE_RECURSION = YES;
				CLANG_WARN_INT_CONVERSION = YES;
				CLANG_WARN_NON_LITERAL_NULL_CONVERSION = YES;
				CLANG_WARN_OBJC_IMPLICIT_RETAIN_SELF = YES;
				CLANG_WARN_OBJC_LITERAL_CONVERSION = YES;
				CLANG_WARN_OBJC_ROOT_CLASS = YES_ERROR;
				CLANG_WARN_QUOTED_INCLUDE_IN_FRAMEWORK_HEADER = YES;
				CLANG_WARN_RANGE_LOOP_ANALYSIS = YES;
				CLANG_WARN_STRICT_PROTOTYPES = YES;
				CLANG_WARN_SUSPICIOUS_MOVE = YES;
				CLANG_WARN_UNGUARDED_AVAILABILITY = YES_AGGRESSIVE;
				CLANG_WARN_UNREACHABLE_CODE = YES;
				CLANG_WARN__DUPLICATE_METHOD_MATCH = YES;
				COPY_PHASE_STRIP = NO;
				DEBUG_INFORMATION_FORMAT = "dwarf-with-dsym";
				ENABLE_NS_ASSERTIONS = NO;
				ENABLE_STRICT_OBJC_MSGSEND = YES;
				GCC_C_LANGUAGE_STANDARD = gnu11;
				GCC_NO_COMMON_BLOCKS = YES;
				GCC_WARN_64_TO_32_BIT_CONVERSION = YES;
				GCC_WARN_ABOUT_RETURN_TYPE = YES_ERROR;
				GCC_WARN_UNDECLARED_SELECTOR = YES;
				GCC_WARN_UNINITIALIZED_AUTOS = YES_AGGRESSIVE;
				GCC_WARN_UNUSED_FUNCTION = YES;
				GCC_WARN_UNUSED_VARIABLE = YES;
				IPHONEOS_DEPLOYMENT_TARGET = 15.4;
				MTL_ENABLE_DEBUG_INFO = NO;
				MTL_FAST_MATH = YES;
				SDKROOT = iphoneos;
				SWIFT_COMPILATION_MODE = wholemodule;
				SWIFT_OPTIMIZATION_LEVEL = "-O";
				VALIDATE_PRODUCT = YES;
			};
			name = Release;
		};
		024420AF283E1D4500342234 /* Debug */ = {
			isa = XCBuildConfiguration;
			buildSettings = {
				ASSETCATALOG_COMPILER_APPICON_NAME = AppIcon;
				ASSETCATALOG_COMPILER_GLOBAL_ACCENT_COLOR_NAME = AccentColor;
				CODE_SIGN_STYLE = Automatic;
				CURRENT_PROJECT_VERSION = 1;
				DEVELOPMENT_ASSET_PATHS = "\"PopupImagePicker0525/Preview Content\"";
				DEVELOPMENT_TEAM = Z24MR455SQ;
				ENABLE_PREVIEWS = YES;
				GENERATE_INFOPLIST_FILE = YES;
				INFOPLIST_KEY_UIApplicationSceneManifest_Generation = YES;
				INFOPLIST_KEY_UIApplicationSupportsIndirectInputEvents = YES;
				INFOPLIST_KEY_UILaunchScreen_Generation = YES;
				INFOPLIST_KEY_UISupportedInterfaceOrientations_iPad = "UIInterfaceOrientationPortrait UIInterfaceOrientationPortraitUpsideDown UIInterfaceOrientationLandscapeLeft UIInterfaceOrientationLandscapeRight";
				INFOPLIST_KEY_UISupportedInterfaceOrientations_iPhone = "UIInterfaceOrientationPortrait UIInterfaceOrientationLandscapeLeft UIInterfaceOrientationLandscapeRight";
				LD_RUNPATH_SEARCH_PATHS = (
					"$(inherited)",
					"@executable_path/Frameworks",
				);
				MARKETING_VERSION = 1.0;
				PRODUCT_BUNDLE_IDENTIFIER = zyf.PopupImagePicker0525;
				PRODUCT_NAME = "$(TARGET_NAME)";
				SWIFT_EMIT_LOC_STRINGS = YES;
				SWIFT_VERSION = 5.0;
				TARGETED_DEVICE_FAMILY = "1,2";
			};
			name = Debug;
		};
		024420B0283E1D4500342234 /* Release */ = {
			isa = XCBuildConfiguration;
			buildSettings = {
				ASSETCATALOG_COMPILER_APPICON_NAME = AppIcon;
				ASSETCATALOG_COMPILER_GLOBAL_ACCENT_COLOR_NAME = AccentColor;
				CODE_SIGN_STYLE = Automatic;
				CURRENT_PROJECT_VERSION = 1;
				DEVELOPMENT_ASSET_PATHS = "\"PopupImagePicker0525/Preview Content\"";
				DEVELOPMENT_TEAM = Z24MR455SQ;
				ENABLE_PREVIEWS = YES;
				GENERATE_INFOPLIST_FILE = YES;
				INFOPLIST_KEY_UIApplicationSceneManifest_Generation = YES;
				INFOPLIST_KEY_UIApplicationSupportsIndirectInputEvents = YES;
				INFOPLIST_KEY_UILaunchScreen_Generation = YES;
				INFOPLIST_KEY_UISupportedInterfaceOrientations_iPad = "UIInterfaceOrientationPortrait UIInterfaceOrientationPortraitUpsideDown UIInterfaceOrientationLandscapeLeft UIInterfaceOrientationLandscapeRight";
				INFOPLIST_KEY_UISupportedInterfaceOrientations_iPhone = "UIInterfaceOrientationPortrait UIInterfaceOrientationLandscapeLeft UIInterfaceOrientationLandscapeRight";
				LD_RUNPATH_SEARCH_PATHS = (
					"$(inherited)",
					"@executable_path/Frameworks",
				);
				MARKETING_VERSION = 1.0;
				PRODUCT_BUNDLE_IDENTIFIER = zyf.PopupImagePicker0525;
				PRODUCT_NAME = "$(TARGET_NAME)";
				SWIFT_EMIT_LOC_STRINGS = YES;
				SWIFT_VERSION = 5.0;
				TARGETED_DEVICE_FAMILY = "1,2";
			};
			name = Release;
		};
/* End XCBuildConfiguration section */

/* Begin XCConfigurationList section */
		0244209B283E1D4400342234 /* Build configuration list for PBXProject "PopupImagePicker0525" */ = {
			isa = XCConfigurationList;
			buildConfigurations = (
				024420AC283E1D4500342234 /* Debug */,
				024420AD283E1D4500342234 /* Release */,
			);
			defaultConfigurationIsVisible = 0;
			defaultConfigurationName = Release;
		};
		024420AE283E1D4500342234 /* Build configuration list for PBXNativeTarget "PopupImagePicker0525" */ = {
			isa = XCConfigurationList;
			buildConfigurations = (
				024420AF283E1D4500342234 /* Debug */,
				024420B0283E1D4500342234 /* Release */,
			);
			defaultConfigurationIsVisible = 0;
			defaultConfigurationName = Release;
		};
/* End XCConfigurationList section */
	};
	rootObject = 02442098283E1D4400342234 /* Project object */;
}
